// !$*UTF8*$!
{
	archiveVersion = 1;
	classes = {
	};
	objectVersion = 46;
	objects = {

/* Begin PBXBuildFile section */
		40AC35F01AF042BA00637FDE /* main.cpp in Sources */ = {isa = PBXBuildFile; fileRef = 40AC35EF1AF042BA00637FDE /* main.cpp */; };
/* End PBXBuildFile section */

/* Begin PBXCopyFilesBuildPhase section */
		40AC35EA1AF042BA00637FDE /* CopyFiles */ = {
			isa = PBXCopyFilesBuildPhase;
			buildActionMask = 2147483647;
			dstPath = /usr/share/man/man1/;
			dstSubfolderSpec = 0;
			files = (
			);
			runOnlyForDeploymentPostprocessing = 1;
		};
/* End PBXCopyFilesBuildPhase section */

/* Begin PBXFileReference section */
		40AC35EC1AF042BA00637FDE /* graph_matrix_del */ = {isa = PBXFileReference; explicitFileType = "compiled.mach-o.executable"; includeInIndex = 0; path = graph_matrix_del; sourceTree = BUILT_PRODUCTS_DIR; };
		40AC35EF1AF042BA00637FDE /* main.cpp */ = {isa = PBXFileReference; lastKnownFileType = sourcecode.cpp.cpp; path = main.cpp; sourceTree = "<group>"; tabWidth = 3; };
/* End PBXFileReference section */

/* Begin PBXFrameworksBuildPhase section */
		40AC35E91AF042BA00637FDE /* Frameworks */ = {
			isa = PBXFrameworksBuildPhase;
			buildActionMask = 2147483647;
			files = (
			);
			runOnlyForDeploymentPostprocessing = 0;
		};
/* End PBXFrameworksBuildPhase section */

/* Begin PBXGroup section */
		40AC35E31AF042BA00637FDE = {
			isa = PBXGroup;
			children = (
				40AC35EE1AF042BA00637FDE /* graph_matrix_del */,
				40AC35ED1AF042BA00637FDE /* Products */,
			);
			sourceTree = "<group>";
		};
		40AC35ED1AF042BA00637FDE /* Products */ = {
			isa = PBXGroup;
			children = (
				40AC35EC1AF042BA00637FDE /* graph_matrix_del */,
			);
			name = Products;
			sourceTree = "<group>";
		};
		40AC35EE1AF042BA00637FDE /* graph_matrix_del */ = {
			isa = PBXGroup;
			children = (
				40AC35EF1AF042BA00637FDE /* main.cpp */,
			);
			path = graph_matrix_del;
			sourceTree = "<group>";
		};
/* End PBXGroup section */

/* Begin PBXNativeTarget section */
		40AC35EB1AF042BA00637FDE /* graph_matrix_del */ = {
			isa = PBXNativeTarget;
			buildConfigurationList = 40AC35F31AF042BA00637FDE /* Build configuration list for PBXNativeTarget "graph_matrix_del" */;
			buildPhases = (
				40AC35E81AF042BA00637FDE /* Sources */,
				40AC35E91AF042BA00637FDE /* Frameworks */,
				40AC35EA1AF042BA00637FDE /* CopyFiles */,
			);
			buildRules = (
			);
			dependencies = (
			);
			name = graph_matrix_del;
			productName = graph_matrix_del;
			productReference = 40AC35EC1AF042BA00637FDE /* graph_matrix_del */;
			productType = "com.apple.product-type.tool";
		};
/* End PBXNativeTarget section */

/* Begin PBXProject section */
		40AC35E41AF042BA00637FDE /* Project object */ = {
			isa = PBXProject;
			attributes = {
				LastUpgradeCheck = 0630;
				ORGANIZATIONNAME = "Tomasz Kasperek";
				TargetAttributes = {
					40AC35EB1AF042BA00637FDE = {
						CreatedOnToolsVersion = 6.3.1;
					};
				};
			};
			buildConfigurationList = 40AC35E71AF042BA00637FDE /* Build configuration list for PBXProject "graph_matrix_del" */;
			compatibilityVersion = "Xcode 3.2";
			developmentRegion = English;
			hasScannedForEncodings = 0;
			knownRegions = (
				en,
			);
			mainGroup = 40AC35E31AF042BA00637FDE;
			productRefGroup = 40AC35ED1AF042BA00637FDE /* Products */;
			projectDirPath = "";
			projectRoot = "";
			targets = (
				40AC35EB1AF042BA00637FDE /* graph_matrix_del */,
			);
		};
/* End PBXProject section */

/* Begin PBXSourcesBuildPhase section */
		40AC35E81AF042BA00637FDE /* Sources */ = {
			isa = PBXSourcesBuildPhase;
			buildActionMask = 2147483647;
			files = (
				40AC35F01AF042BA00637FDE /* main.cpp in Sources */,
			);
			runOnlyForDeploymentPostprocessing = 0;
		};
/* End PBXSourcesBuildPhase section */

/* Begin XCBuildConfiguration section */
		40AC35F11AF042BA00637FDE /* Debug */ = {
			isa = XCBuildConfiguration;
			buildSettings = {
				ALWAYS_SEARCH_USER_PATHS = NO;
				CLANG_CXX_LANGUAGE_STANDARD = "gnu++0x";
				CLANG_CXX_LIBRARY = "libc++";
				CLANG_ENABLE_MODULES = YES;
				CLANG_ENABLE_OBJC_ARC = YES;
				CLANG_WARN_BOOL_CONVERSION = YES;
				CLANG_WARN_CONSTANT_CONVERSION = YES;
				CLANG_WARN_DIRECT_OBJC_ISA_USAGE = YES_ERROR;
				CLANG_WARN_EMPTY_BODY = YES;
				CLANG_WARN_ENUM_CONVERSION = YES;
				CLANG_WARN_INT_CONVERSION = YES;
				CLANG_WARN_OBJC_ROOT_CLASS = YES_ERROR;
				CLANG_WARN_UNREACHABLE_CODE = YES;
				CLANG_WARN__DUPLICATE_METHOD_MATCH = YES;
				COPY_PHASE_STRIP = NO;
				DEBUG_INFORMATION_FORMAT = dwarf;
				ENABLE_STRICT_OBJC_MSGSEND = YES;
				GCC_C_LANGUAGE_STANDARD = gnu99;
				GCC_DYNAMIC_NO_PIC = NO;
				GCC_NO_COMMON_BLOCKS = YES;
				GCC_OPTIMIZATION_LEVEL = 0;
				GCC_PREPROCESSOR_DEFINITIONS = (
					"DEBUG=1",
					"$(inherited)",
				);
				GCC_SYMBOLS_PRIVATE_EXTERN = NO;
				GCC_WARN_64_TO_32_BIT_CONVERSION = YES;
				GCC_WARN_ABOUT_RETURN_TYPE = YES_ERROR;
				GCC_WARN_UNDECLARED_SELECTOR = YES;
				GCC_WARN_UNINITIALIZED_AUTOS = YES_AGGRESSIVE;
				GCC_WARN_UNUSED_FUNCTION = YES;
				GCC_WARN_UNUSED_VARIABLE = YES;
				MACOSX_DEPLOYMENT_TARGET = 10.10;
				MTL_ENABLE_DEBUG_INFO = YES;
				ONLY_ACTIVE_ARCH = YES;
				SDKROOT = macosx;
			};
			name = Debug;
		};
		40AC35F21AF042BA00637FDE /* Release */ = {
			isa = XCBuildConfiguration;
			buildSettings = {
				ALWAYS_SEARCH_USER_PATHS = NO;
				CLANG_CXX_LANGUAGE_STANDARD = "gnu++0x";
				CLANG_CXX_LIBRARY = "libc++";
				CLANG_ENABLE_MODULES = YES;
				CLANG_ENABLE_OBJC_ARC = YES;
				CLANG_WARN_BOOL_CONVERSION = YES;
				CLANG_WARN_CONSTANT_CONVERSION = YES;
				CLANG_WARN_DIRECT_OBJC_ISA_USAGE = YES_ERROR;
				CLANG_WARN_EMPTY_BODY = YES;
				CLANG_WARN_ENUM_CONVERSION = YES;
				CLANG_WARN_INT_CONVERSION = YES;
				CLANG_WARN_OBJC_ROOT_CLASS = YES_ERROR;
				CLANG_WARN_UNREACHABLE_CODE = YES;
				CLANG_WARN__DUPLICATE_METHOD_MATCH = YES;
				COPY_PHASE_STRIP = NO;
				DEBUG_INFORMATION_FORMAT = "dwarf-with-dsym";
				ENABLE_NS_ASSERTIONS = NO;
				ENABLE_STRICT_OBJC_MSGSEND = YES;
				GCC_C_LANGUAGE_STANDARD = gnu99;
				GCC_NO_COMMON_BLOCKS = YES;
				GCC_WARN_64_TO_32_BIT_CONVERSION = YES;
				GCC_WARN_ABOUT_RETURN_TYPE = YES_ERROR;
				GCC_WARN_UNDECLARED_SELECTOR = YES;
				GCC_WARN_UNINITIALIZED_AUTOS = YES_AGGRESSIVE;
				GCC_WARN_UNUSED_FUNCTION = YES;
				GCC_WARN_UNUSED_VARIABLE = YES;
				MACOSX_DEPLOYMENT_TARGET = 10.10;
				MTL_ENABLE_DEBUG_INFO = NO;
				SDKROOT = macosx;
			};
			name = Release;
		};
		40AC35F41AF042BA00637FDE /* Debug */ = {
			isa = XCBuildConfiguration;
			buildSettings = {
				PRODUCT_NAME = "$(TARGET_NAME)";
			};
			name = Debug;
		};
		40AC35F51AF042BA00637FDE /* Release */ = {
			isa = XCBuildConfiguration;
			buildSettings = {
				PRODUCT_NAME = "$(TARGET_NAME)";
			};
			name = Release;
		};
/* End XCBuildConfiguration section */

/* Begin XCConfigurationList section */
		40AC35E71AF042BA00637FDE /* Build configuration list for PBXProject "graph_matrix_del" */ = {
			isa = XCConfigurationList;
			buildConfigurations = (
				40AC35F11AF042BA00637FDE /* Debug */,
				40AC35F21AF042BA00637FDE /* Release */,
			);
			defaultConfigurationIsVisible = 0;
			defaultConfigurationName = Release;
		};
		40AC35F31AF042BA00637FDE /* Build configuration list for PBXNativeTarget "graph_matrix_del" */ = {
			isa = XCConfigurationList;
			buildConfigurations = (
				40AC35F41AF042BA00637FDE /* Debug */,
				40AC35F51AF042BA00637FDE /* Release */,
			);
			defaultConfigurationIsVisible = 0;
		};
/* End XCConfigurationList section */
	};
	rootObject = 40AC35E41AF042BA00637FDE /* Project object */;
}
